// !$*UTF8*$!
{
	archiveVersion = 1;
	classes = {
	};
	objectVersion = 50;
	objects = {

/* Begin PBXBuildFile section */
		845A68A226A3F80100CF51F4 /* AppDelegate.swift in Sources */ = {isa = PBXBuildFile; fileRef = 845A68A126A3F80100CF51F4 /* AppDelegate.swift */; };
		845A68A426A3F80100CF51F4 /* SceneDelegate.swift in Sources */ = {isa = PBXBuildFile; fileRef = 845A68A326A3F80100CF51F4 /* SceneDelegate.swift */; };
		845A68A626A3F80100CF51F4 /* ViewController.swift in Sources */ = {isa = PBXBuildFile; fileRef = 845A68A526A3F80100CF51F4 /* ViewController.swift */; };
		845A68A926A3F80100CF51F4 /* Main.storyboard in Resources */ = {isa = PBXBuildFile; fileRef = 845A68A726A3F80100CF51F4 /* Main.storyboard */; };
		845A68AB26A3F80800CF51F4 /* Assets.xcassets in Resources */ = {isa = PBXBuildFile; fileRef = 845A68AA26A3F80800CF51F4 /* Assets.xcassets */; };
		845A68AE26A3F80800CF51F4 /* LaunchScreen.storyboard in Resources */ = {isa = PBXBuildFile; fileRef = 845A68AC26A3F80800CF51F4 /* LaunchScreen.storyboard */; };
/* End PBXBuildFile section */

/* Begin PBXFileReference section */
		845A689E26A3F80100CF51F4 /* swetofor.app */ = {isa = PBXFileReference; explicitFileType = wrapper.application; includeInIndex = 0; path = swetofor.app; sourceTree = BUILT_PRODUCTS_DIR; };
		845A68A126A3F80100CF51F4 /* AppDelegate.swift */ = {isa = PBXFileReference; lastKnownFileType = sourcecode.swift; path = AppDelegate.swift; sourceTree = "<group>"; };
		845A68A326A3F80100CF51F4 /* SceneDelegate.swift */ = {isa = PBXFileReference; lastKnownFileType = sourcecode.swift; path = SceneDelegate.swift; sourceTree = "<group>"; };
		845A68A526A3F80100CF51F4 /* ViewController.swift */ = {isa = PBXFileReference; lastKnownFileType = sourcecode.swift; path = ViewController.swift; sourceTree = "<group>"; };
		845A68A826A3F80100CF51F4 /* Base */ = {isa = PBXFileReference; lastKnownFileType = file.storyboard; name = Base; path = Base.lproj/Main.storyboard; sourceTree = "<group>"; };
		845A68AA26A3F80800CF51F4 /* Assets.xcassets */ = {isa = PBXFileReference; lastKnownFileType = folder.assetcatalog; path = Assets.xcassets; sourceTree = "<group>"; };
		845A68AD26A3F80800CF51F4 /* Base */ = {isa = PBXFileReference; lastKnownFileType = file.storyboard; name = Base; path = Base.lproj/LaunchScreen.storyboard; sourceTree = "<group>"; };
		845A68AF26A3F80800CF51F4 /* Info.plist */ = {isa = PBXFileReference; lastKnownFileType = text.plist.xml; path = Info.plist; sourceTree = "<group>"; };
/* End PBXFileReference section */

/* Begin PBXFrameworksBuildPhase section */
		845A689B26A3F80100CF51F4 /* Frameworks */ = {
			isa = PBXFrameworksBuildPhase;
			buildActionMask = 2147483647;
			files = (
			);
			runOnlyForDeploymentPostprocessing = 0;
		};
/* End PBXFrameworksBuildPhase section */

/* Begin PBXGroup section */
		845A689526A3F80100CF51F4 = {
			isa = PBXGroup;
			children = (
				845A68A026A3F80100CF51F4 /* swetofor */,
				845A689F26A3F80100CF51F4 /* Products */,
			);
			sourceTree = "<group>";
		};
		845A689F26A3F80100CF51F4 /* Products */ = {
			isa = PBXGroup;
			children = (
				845A689E26A3F80100CF51F4 /* swetofor.app */,
			);
			name = Products;
			sourceTree = "<group>";
		};
		845A68A026A3F80100CF51F4 /* swetofor */ = {
			isa = PBXGroup;
			children = (
				845A68A126A3F80100CF51F4 /* AppDelegate.swift */,
				845A68A326A3F80100CF51F4 /* SceneDelegate.swift */,
				845A68A526A3F80100CF51F4 /* ViewController.swift */,
				845A68A726A3F80100CF51F4 /* Main.storyboard */,
				845A68AA26A3F80800CF51F4 /* Assets.xcassets */,
				845A68AC26A3F80800CF51F4 /* LaunchScreen.storyboard */,
				845A68AF26A3F80800CF51F4 /* Info.plist */,
			);
			path = swetofor;
			sourceTree = "<group>";
		};
/* End PBXGroup section */

/* Begin PBXNativeTarget section */
		845A689D26A3F80100CF51F4 /* swetofor */ = {
			isa = PBXNativeTarget;
			buildConfigurationList = 845A68B226A3F80800CF51F4 /* Build configuration list for PBXNativeTarget "swetofor" */;
			buildPhases = (
				845A689A26A3F80100CF51F4 /* Sources */,
				845A689B26A3F80100CF51F4 /* Frameworks */,
				845A689C26A3F80100CF51F4 /* Resources */,
			);
			buildRules = (
			);
			dependencies = (
			);
			name = swetofor;
			productName = swetofor;
			productReference = 845A689E26A3F80100CF51F4 /* swetofor.app */;
			productType = "com.apple.product-type.application";
		};
/* End PBXNativeTarget section */

/* Begin PBXProject section */
		845A689626A3F80100CF51F4 /* Project object */ = {
			isa = PBXProject;
			attributes = {
				LastSwiftUpdateCheck = 1250;
				LastUpgradeCheck = 1250;
				TargetAttributes = {
					845A689D26A3F80100CF51F4 = {
						CreatedOnToolsVersion = 12.5;
					};
				};
			};
			buildConfigurationList = 845A689926A3F80100CF51F4 /* Build configuration list for PBXProject "swetofor" */;
			compatibilityVersion = "Xcode 9.3";
			developmentRegion = en;
			hasScannedForEncodings = 0;
			knownRegions = (
				en,
				Base,
			);
			mainGroup = 845A689526A3F80100CF51F4;
			productRefGroup = 845A689F26A3F80100CF51F4 /* Products */;
			projectDirPath = "";
			projectRoot = "";
			targets = (
				845A689D26A3F80100CF51F4 /* swetofor */,
			);
		};
/* End PBXProject section */

/* Begin PBXResourcesBuildPhase section */
		845A689C26A3F80100CF51F4 /* Resources */ = {
			isa = PBXResourcesBuildPhase;
			buildActionMask = 2147483647;
			files = (
				845A68AE26A3F80800CF51F4 /* LaunchScreen.storyboard in Resources */,
				845A68AB26A3F80800CF51F4 /* Assets.xcassets in Resources */,
				845A68A926A3F80100CF51F4 /* Main.storyboard in Resources */,
			);
			runOnlyForDeploymentPostprocessing = 0;
		};
/* End PBXResourcesBuildPhase section */

/* Begin PBXSourcesBuildPhase section */
		845A689A26A3F80100CF51F4 /* Sources */ = {
			isa = PBXSourcesBuildPhase;
			buildActionMask = 2147483647;
			files = (
				845A68A626A3F80100CF51F4 /* ViewController.swift in Sources */,
				845A68A226A3F80100CF51F4 /* AppDelegate.swift in Sources */,
				845A68A426A3F80100CF51F4 /* SceneDelegate.swift in Sources */,
			);
			runOnlyForDeploymentPostprocessing = 0;
		};
/* End PBXSourcesBuildPhase section */

/* Begin PBXVariantGroup section */
		845A68A726A3F80100CF51F4 /* Main.storyboard */ = {
			isa = PBXVariantGroup;
			children = (
				845A68A826A3F80100CF51F4 /* Base */,
			);
			name = Main.storyboard;
			sourceTree = "<group>";
		};
		845A68AC26A3F80800CF51F4 /* LaunchScreen.storyboard */ = {
			isa = PBXVariantGroup;
			children = (
				845A68AD26A3F80800CF51F4 /* Base */,
			);
			name = LaunchScreen.storyboard;
			sourceTree = "<group>";
		};
/* End PBXVariantGroup section */

/* Begin XCBuildConfiguration section */
		845A68B026A3F80800CF51F4 /* Debug */ = {
			isa = XCBuildConfiguration;
			buildSettings = {
				ALWAYS_SEARCH_USER_PATHS = NO;
				CLANG_ANALYZER_NONNULL = YES;
				CLANG_ANALYZER_NUMBER_OBJECT_CONVERSION = YES_AGGRESSIVE;
				CLANG_CXX_LANGUAGE_STANDARD = "gnu++14";
				CLANG_CXX_LIBRARY = "libc++";
				CLANG_ENABLE_MODULES = YES;
				CLANG_ENABLE_OBJC_ARC = YES;
				CLANG_ENABLE_OBJC_WEAK = YES;
				CLANG_WARN_BLOCK_CAPTURE_AUTORELEASING = YES;
				CLANG_WARN_BOOL_CONVERSION = YES;
				CLANG_WARN_COMMA = YES;
				CLANG_WARN_CONSTANT_CONVERSION = YES;
				CLANG_WARN_DEPRECATED_OBJC_IMPLEMENTATIONS = YES;
				CLANG_WARN_DIRECT_OBJC_ISA_USAGE = YES_ERROR;
				CLANG_WARN_DOCUMENTATION_COMMENTS = YES;
				CLANG_WARN_EMPTY_BODY = YES;
				CLANG_WARN_ENUM_CONVERSION = YES;
				CLANG_WARN_INFINITE_RECURSION = YES;
				CLANG_WARN_INT_CONVERSION = YES;
				CLANG_WARN_NON_LITERAL_NULL_CONVERSION = YES;
				CLANG_WARN_OBJC_IMPLICIT_RETAIN_SELF = YES;
				CLANG_WARN_OBJC_LITERAL_CONVERSION = YES;
				CLANG_WARN_OBJC_ROOT_CLASS = YES_ERROR;
				CLANG_WARN_QUOTED_INCLUDE_IN_FRAMEWORK_HEADER = YES;
				CLANG_WARN_RANGE_LOOP_ANALYSIS = YES;
				CLANG_WARN_STRICT_PROTOTYPES = YES;
				CLANG_WARN_SUSPICIOUS_MOVE = YES;
				CLANG_WARN_UNGUARDED_AVAILABILITY = YES_AGGRESSIVE;
				CLANG_WARN_UNREACHABLE_CODE = YES;
				CLANG_WARN__DUPLICATE_METHOD_MATCH = YES;
				COPY_PHASE_STRIP = NO;
				DEBUG_INFORMATION_FORMAT = dwarf;
				ENABLE_STRICT_OBJC_MSGSEND = YES;
				ENABLE_TESTABILITY = YES;
				GCC_C_LANGUAGE_STANDARD = gnu11;
				GCC_DYNAMIC_NO_PIC = NO;
				GCC_NO_COMMON_BLOCKS = YES;
				GCC_OPTIMIZATION_LEVEL = 0;
				GCC_PREPROCESSOR_DEFINITIONS = (
					"DEBUG=1",
					"$(inherited)",
				);
				GCC_WARN_64_TO_32_BIT_CONVERSION = YES;
				GCC_WARN_ABOUT_RETURN_TYPE = YES_ERROR;
				GCC_WARN_UNDECLARED_SELECTOR = YES;
				GCC_WARN_UNINITIALIZED_AUTOS = YES_AGGRESSIVE;
				GCC_WARN_UNUSED_FUNCTION = YES;
				GCC_WARN_UNUSED_VARIABLE = YES;
				IPHONEOS_DEPLOYMENT_TARGET = 14.5;
				MTL_ENABLE_DEBUG_INFO = INCLUDE_SOURCE;
				MTL_FAST_MATH = YES;
				ONLY_ACTIVE_ARCH = YES;
				SDKROOT = iphoneos;
				SWIFT_ACTIVE_COMPILATION_CONDITIONS = DEBUG;
				SWIFT_OPTIMIZATION_LEVEL = "-Onone";
			};
			name = Debug;
		};
		845A68B126A3F80800CF51F4 /* Release */ = {
			isa = XCBuildConfiguration;
			buildSettings = {
				ALWAYS_SEARCH_USER_PATHS = NO;
				CLANG_ANALYZER_NONNULL = YES;
				CLANG_ANALYZER_NUMBER_OBJECT_CONVERSION = YES_AGGRESSIVE;
				CLANG_CXX_LANGUAGE_STANDARD = "gnu++14";
				CLANG_CXX_LIBRARY = "libc++";
				CLANG_ENABLE_MODULES = YES;
				CLANG_ENABLE_OBJC_ARC = YES;
				CLANG_ENABLE_OBJC_WEAK = YES;
				CLANG_WARN_BLOCK_CAPTURE_AUTORELEASING = YES;
				CLANG_WARN_BOOL_CONVERSION = YES;
				CLANG_WARN_COMMA = YES;
				CLANG_WARN_CONSTANT_CONVERSION = YES;
				CLANG_WARN_DEPRECATED_OBJC_IMPLEMENTATIONS = YES;
				CLANG_WARN_DIRECT_OBJC_ISA_USAGE = YES_ERROR;
				CLANG_WARN_DOCUMENTATION_COMMENTS = YES;
				CLANG_WARN_EMPTY_BODY = YES;
				CLANG_WARN_ENUM_CONVERSION = YES;
				CLANG_WARN_INFINITE_RECURSION = YES;
				CLANG_WARN_INT_CONVERSION = YES;
				CLANG_WARN_NON_LITERAL_NULL_CONVERSION = YES;
				CLANG_WARN_OBJC_IMPLICIT_RETAIN_SELF = YES;
				CLANG_WARN_OBJC_LITERAL_CONVERSION = YES;
				CLANG_WARN_OBJC_ROOT_CLASS = YES_ERROR;
				CLANG_WARN_QUOTED_INCLUDE_IN_FRAMEWORK_HEADER = YES;
				CLANG_WARN_RANGE_LOOP_ANALYSIS = YES;
				CLANG_WARN_STRICT_PROTOTYPES = YES;
				CLANG_WARN_SUSPICIOUS_MOVE = YES;
				CLANG_WARN_UNGUARDED_AVAILABILITY = YES_AGGRESSIVE;
				CLANG_WARN_UNREACHABLE_CODE = YES;
				CLANG_WARN__DUPLICATE_METHOD_MATCH = YES;
				COPY_PHASE_STRIP = NO;
				DEBUG_INFORMATION_FORMAT = "dwarf-with-dsym";
				ENABLE_NS_ASSERTIONS = NO;
				ENABLE_STRICT_OBJC_MSGSEND = YES;
				GCC_C_LANGUAGE_STANDARD = gnu11;
				GCC_NO_COMMON_BLOCKS = YES;
				GCC_WARN_64_TO_32_BIT_CONVERSION = YES;
				GCC_WARN_ABOUT_RETURN_TYPE = YES_ERROR;
				GCC_WARN_UNDECLARED_SELECTOR = YES;
				GCC_WARN_UNINITIALIZED_AUTOS = YES_AGGRESSIVE;
				GCC_WARN_UNUSED_FUNCTION = YES;
				GCC_WARN_UNUSED_VARIABLE = YES;
				IPHONEOS_DEPLOYMENT_TARGET = 14.5;
				MTL_ENABLE_DEBUG_INFO = NO;
				MTL_FAST_MATH = YES;
				SDKROOT = iphoneos;
				SWIFT_COMPILATION_MODE = wholemodule;
				SWIFT_OPTIMIZATION_LEVEL = "-O";
				VALIDATE_PRODUCT = YES;
			};
			name = Release;
		};
		845A68B326A3F80800CF51F4 /* Debug */ = {
			isa = XCBuildConfiguration;
			buildSettings = {
				ASSETCATALOG_COMPILER_APPICON_NAME = AppIcon;
				ASSETCATALOG_COMPILER_GLOBAL_ACCENT_COLOR_NAME = AccentColor;
				CODE_SIGN_STYLE = Automatic;
				DEVELOPMENT_TEAM = 47QYA2V22U;
				INFOPLIST_FILE = swetofor/Info.plist;
				LD_RUNPATH_SEARCH_PATHS = (
					"$(inherited)",
					"@executable_path/Frameworks",
				);
				PRODUCT_BUNDLE_IDENTIFIER = MurzakhanovAydar.swetofor;
				PRODUCT_NAME = "$(TARGET_NAME)";
				SWIFT_VERSION = 5.0;
				TARGETED_DEVICE_FAMILY = "1,2";
			};
			name = Debug;
		};
		845A68B426A3F80800CF51F4 /* Release */ = {
			isa = XCBuildConfiguration;
			buildSettings = {
				ASSETCATALOG_COMPILER_APPICON_NAME = AppIcon;
				ASSETCATALOG_COMPILER_GLOBAL_ACCENT_COLOR_NAME = AccentColor;
				CODE_SIGN_STYLE = Automatic;
				DEVELOPMENT_TEAM = 47QYA2V22U;
				INFOPLIST_FILE = swetofor/Info.plist;
				LD_RUNPATH_SEARCH_PATHS = (
					"$(inherited)",
					"@executable_path/Frameworks",
				);
				PRODUCT_BUNDLE_IDENTIFIER = MurzakhanovAydar.swetofor;
				PRODUCT_NAME = "$(TARGET_NAME)";
				SWIFT_VERSION = 5.0;
				TARGETED_DEVICE_FAMILY = "1,2";
			};
			name = Release;
		};
/* End XCBuildConfiguration section */

/* Begin XCConfigurationList section */
		845A689926A3F80100CF51F4 /* Build configuration list for PBXProject "swetofor" */ = {
			isa = XCConfigurationList;
			buildConfigurations = (
				845A68B026A3F80800CF51F4 /* Debug */,
				845A68B126A3F80800CF51F4 /* Release */,
			);
			defaultConfigurationIsVisible = 0;
			defaultConfigurationName = Release;
		};
		845A68B226A3F80800CF51F4 /* Build configuration list for PBXNativeTarget "swetofor" */ = {
			isa = XCConfigurationList;
			buildConfigurations = (
				845A68B326A3F80800CF51F4 /* Debug */,
				845A68B426A3F80800CF51F4 /* Release */,
			);
			defaultConfigurationIsVisible = 0;
			defaultConfigurationName = Release;
		};
/* End XCConfigurationList section */
	};
	rootObject = 845A689626A3F80100CF51F4 /* Project object */;
}
